// !$*UTF8*$!
{
	archiveVersion = 1;
	classes = {
	};
	objectVersion = 50;
	objects = {

/* Begin PBXBuildFile section */
		9762BBCA2258B9290011BDD1 /* AppDelegate.swift in Sources */ = {isa = PBXBuildFile; fileRef = 9762BBC92258B9290011BDD1 /* AppDelegate.swift */; };
		9762BBCC2258B9290011BDD1 /* ViewController.swift in Sources */ = {isa = PBXBuildFile; fileRef = 9762BBCB2258B9290011BDD1 /* ViewController.swift */; };
		9762BBCF2258B9290011BDD1 /* Main.storyboard in Resources */ = {isa = PBXBuildFile; fileRef = 9762BBCD2258B9290011BDD1 /* Main.storyboard */; };
		9762BBD12258B92A0011BDD1 /* Assets.xcassets in Resources */ = {isa = PBXBuildFile; fileRef = 9762BBD02258B92A0011BDD1 /* Assets.xcassets */; };
		9762BBD42258B92A0011BDD1 /* LaunchScreen.storyboard in Resources */ = {isa = PBXBuildFile; fileRef = 9762BBD22258B92A0011BDD1 /* LaunchScreen.storyboard */; };
		9762BBDF2258B92A0011BDD1 /* Swift5PodTests.swift in Sources */ = {isa = PBXBuildFile; fileRef = 9762BBDE2258B92A0011BDD1 /* Swift5PodTests.swift */; };
		9762BBEA2258B92A0011BDD1 /* Swift5PodUITests.swift in Sources */ = {isa = PBXBuildFile; fileRef = 9762BBE92258B92A0011BDD1 /* Swift5PodUITests.swift */; };
/* End PBXBuildFile section */

/* Begin PBXContainerItemProxy section */
		9762BBDB2258B92A0011BDD1 /* PBXContainerItemProxy */ = {
			isa = PBXContainerItemProxy;
			containerPortal = 9762BBBE2258B9290011BDD1 /* Project object */;
			proxyType = 1;
			remoteGlobalIDString = 9762BBC52258B9290011BDD1;
			remoteInfo = Swift5Pod;
		};
		9762BBE62258B92A0011BDD1 /* PBXContainerItemProxy */ = {
			isa = PBXContainerItemProxy;
			containerPortal = 9762BBBE2258B9290011BDD1 /* Project object */;
			proxyType = 1;
			remoteGlobalIDString = 9762BBC52258B9290011BDD1;
			remoteInfo = Swift5Pod;
		};
/* End PBXContainerItemProxy section */

/* Begin PBXFileReference section */
		9762BBC62258B9290011BDD1 /* Swift5Pod.app */ = {isa = PBXFileReference; explicitFileType = wrapper.application; includeInIndex = 0; path = Swift5Pod.app; sourceTree = BUILT_PRODUCTS_DIR; };
		9762BBC92258B9290011BDD1 /* AppDelegate.swift */ = {isa = PBXFileReference; lastKnownFileType = sourcecode.swift; path = AppDelegate.swift; sourceTree = "<group>"; };
		9762BBCB2258B9290011BDD1 /* ViewController.swift */ = {isa = PBXFileReference; lastKnownFileType = sourcecode.swift; path = ViewController.swift; sourceTree = "<group>"; };
		9762BBCE2258B9290011BDD1 /* Base */ = {isa = PBXFileReference; lastKnownFileType = file.storyboard; name = Base; path = Base.lproj/Main.storyboard; sourceTree = "<group>"; };
		9762BBD02258B92A0011BDD1 /* Assets.xcassets */ = {isa = PBXFileReference; lastKnownFileType = folder.assetcatalog; path = Assets.xcassets; sourceTree = "<group>"; };
		9762BBD32258B92A0011BDD1 /* Base */ = {isa = PBXFileReference; lastKnownFileType = file.storyboard; name = Base; path = Base.lproj/LaunchScreen.storyboard; sourceTree = "<group>"; };
		9762BBD52258B92A0011BDD1 /* Info.plist */ = {isa = PBXFileReference; lastKnownFileType = text.plist.xml; path = Info.plist; sourceTree = "<group>"; };
		9762BBDA2258B92A0011BDD1 /* Swift5PodTests.xctest */ = {isa = PBXFileReference; explicitFileType = wrapper.cfbundle; includeInIndex = 0; path = Swift5PodTests.xctest; sourceTree = BUILT_PRODUCTS_DIR; };
		9762BBDE2258B92A0011BDD1 /* Swift5PodTests.swift */ = {isa = PBXFileReference; lastKnownFileType = sourcecode.swift; path = Swift5PodTests.swift; sourceTree = "<group>"; };
		9762BBE02258B92A0011BDD1 /* Info.plist */ = {isa = PBXFileReference; lastKnownFileType = text.plist.xml; path = Info.plist; sourceTree = "<group>"; };
		9762BBE52258B92A0011BDD1 /* Swift5PodUITests.xctest */ = {isa = PBXFileReference; explicitFileType = wrapper.cfbundle; includeInIndex = 0; path = Swift5PodUITests.xctest; sourceTree = BUILT_PRODUCTS_DIR; };
		9762BBE92258B92A0011BDD1 /* Swift5PodUITests.swift */ = {isa = PBXFileReference; lastKnownFileType = sourcecode.swift; path = Swift5PodUITests.swift; sourceTree = "<group>"; };
		9762BBEB2258B92A0011BDD1 /* Info.plist */ = {isa = PBXFileReference; lastKnownFileType = text.plist.xml; path = Info.plist; sourceTree = "<group>"; };
/* End PBXFileReference section */

/* Begin PBXFrameworksBuildPhase section */
		9762BBC32258B9290011BDD1 /* Frameworks */ = {
			isa = PBXFrameworksBuildPhase;
			buildActionMask = 2147483647;
			files = (
			);
			runOnlyForDeploymentPostprocessing = 0;
		};
		9762BBD72258B92A0011BDD1 /* Frameworks */ = {
			isa = PBXFrameworksBuildPhase;
			buildActionMask = 2147483647;
			files = (
			);
			runOnlyForDeploymentPostprocessing = 0;
		};
		9762BBE22258B92A0011BDD1 /* Frameworks */ = {
			isa = PBXFrameworksBuildPhase;
			buildActionMask = 2147483647;
			files = (
			);
			runOnlyForDeploymentPostprocessing = 0;
		};
/* End PBXFrameworksBuildPhase section */

/* Begin PBXGroup section */
		9762BBBD2258B9290011BDD1 = {
			isa = PBXGroup;
			children = (
				9762BBC82258B9290011BDD1 /* Swift5Pod */,
				9762BBDD2258B92A0011BDD1 /* Swift5PodTests */,
				9762BBE82258B92A0011BDD1 /* Swift5PodUITests */,
				9762BBC72258B9290011BDD1 /* Products */,
			);
			sourceTree = "<group>";
		};
		9762BBC72258B9290011BDD1 /* Products */ = {
			isa = PBXGroup;
			children = (
				9762BBC62258B9290011BDD1 /* Swift5Pod.app */,
				9762BBDA2258B92A0011BDD1 /* Swift5PodTests.xctest */,
				9762BBE52258B92A0011BDD1 /* Swift5PodUITests.xctest */,
			);
			name = Products;
			sourceTree = "<group>";
		};
		9762BBC82258B9290011BDD1 /* Swift5Pod */ = {
			isa = PBXGroup;
			children = (
				9762BBC92258B9290011BDD1 /* AppDelegate.swift */,
				9762BBCB2258B9290011BDD1 /* ViewController.swift */,
				9762BBCD2258B9290011BDD1 /* Main.storyboard */,
				9762BBD02258B92A0011BDD1 /* Assets.xcassets */,
				9762BBD22258B92A0011BDD1 /* LaunchScreen.storyboard */,
				9762BBD52258B92A0011BDD1 /* Info.plist */,
			);
			path = Swift5Pod;
			sourceTree = "<group>";
		};
		9762BBDD2258B92A0011BDD1 /* Swift5PodTests */ = {
			isa = PBXGroup;
			children = (
				9762BBDE2258B92A0011BDD1 /* Swift5PodTests.swift */,
				9762BBE02258B92A0011BDD1 /* Info.plist */,
			);
			path = Swift5PodTests;
			sourceTree = "<group>";
		};
		9762BBE82258B92A0011BDD1 /* Swift5PodUITests */ = {
			isa = PBXGroup;
			children = (
				9762BBE92258B92A0011BDD1 /* Swift5PodUITests.swift */,
				9762BBEB2258B92A0011BDD1 /* Info.plist */,
			);
			path = Swift5PodUITests;
			sourceTree = "<group>";
		};
/* End PBXGroup section */

/* Begin PBXNativeTarget section */
		9762BBC52258B9290011BDD1 /* Swift5Pod */ = {
			isa = PBXNativeTarget;
			buildConfigurationList = 9762BBEE2258B92A0011BDD1 /* Build configuration list for PBXNativeTarget "Swift5Pod" */;
			buildPhases = (
				9762BBC22258B9290011BDD1 /* Sources */,
				9762BBC32258B9290011BDD1 /* Frameworks */,
				9762BBC42258B9290011BDD1 /* Resources */,
			);
			buildRules = (
			);
			dependencies = (
			);
			name = Swift5Pod;
			productName = Swift5Pod;
			productReference = 9762BBC62258B9290011BDD1 /* Swift5Pod.app */;
			productType = "com.apple.product-type.application";
		};
		9762BBD92258B92A0011BDD1 /* Swift5PodTests */ = {
			isa = PBXNativeTarget;
			buildConfigurationList = 9762BBF12258B92A0011BDD1 /* Build configuration list for PBXNativeTarget "Swift5PodTests" */;
			buildPhases = (
				9762BBD62258B92A0011BDD1 /* Sources */,
				9762BBD72258B92A0011BDD1 /* Frameworks */,
				9762BBD82258B92A0011BDD1 /* Resources */,
			);
			buildRules = (
			);
			dependencies = (
				9762BBDC2258B92A0011BDD1 /* PBXTargetDependency */,
			);
			name = Swift5PodTests;
			productName = Swift5PodTests;
			productReference = 9762BBDA2258B92A0011BDD1 /* Swift5PodTests.xctest */;
			productType = "com.apple.product-type.bundle.unit-test";
		};
		9762BBE42258B92A0011BDD1 /* Swift5PodUITests */ = {
			isa = PBXNativeTarget;
			buildConfigurationList = 9762BBF42258B92A0011BDD1 /* Build configuration list for PBXNativeTarget "Swift5PodUITests" */;
			buildPhases = (
				9762BBE12258B92A0011BDD1 /* Sources */,
				9762BBE22258B92A0011BDD1 /* Frameworks */,
				9762BBE32258B92A0011BDD1 /* Resources */,
			);
			buildRules = (
			);
			dependencies = (
				9762BBE72258B92A0011BDD1 /* PBXTargetDependency */,
			);
			name = Swift5PodUITests;
			productName = Swift5PodUITests;
			productReference = 9762BBE52258B92A0011BDD1 /* Swift5PodUITests.xctest */;
			productType = "com.apple.product-type.bundle.ui-testing";
		};
/* End PBXNativeTarget section */

/* Begin PBXProject section */
		9762BBBE2258B9290011BDD1 /* Project object */ = {
			isa = PBXProject;
			attributes = {
				LastSwiftUpdateCheck = 1020;
				LastUpgradeCheck = 1020;
				ORGANIZATIONNAME = "yono-ap";
				TargetAttributes = {
					9762BBC52258B9290011BDD1 = {
						CreatedOnToolsVersion = 10.2;
					};
					9762BBD92258B92A0011BDD1 = {
						CreatedOnToolsVersion = 10.2;
						TestTargetID = 9762BBC52258B9290011BDD1;
					};
					9762BBE42258B92A0011BDD1 = {
						CreatedOnToolsVersion = 10.2;
						TestTargetID = 9762BBC52258B9290011BDD1;
					};
				};
			};
			buildConfigurationList = 9762BBC12258B9290011BDD1 /* Build configuration list for PBXProject "Swift5Pod" */;
			compatibilityVersion = "Xcode 9.3";
			developmentRegion = en;
			hasScannedForEncodings = 0;
			knownRegions = (
				en,
				Base,
			);
			mainGroup = 9762BBBD2258B9290011BDD1;
			productRefGroup = 9762BBC72258B9290011BDD1 /* Products */;
			projectDirPath = "";
			projectRoot = "";
			targets = (
				9762BBC52258B9290011BDD1 /* Swift5Pod */,
				9762BBD92258B92A0011BDD1 /* Swift5PodTests */,
				9762BBE42258B92A0011BDD1 /* Swift5PodUITests */,
			);
		};
/* End PBXProject section */

/* Begin PBXResourcesBuildPhase section */
		9762BBC42258B9290011BDD1 /* Resources */ = {
			isa = PBXResourcesBuildPhase;
			buildActionMask = 2147483647;
			files = (
				9762BBD42258B92A0011BDD1 /* LaunchScreen.storyboard in Resources */,
				9762BBD12258B92A0011BDD1 /* Assets.xcassets in Resources */,
				9762BBCF2258B9290011BDD1 /* Main.storyboard in Resources */,
			);
			runOnlyForDeploymentPostprocessing = 0;
		};
		9762BBD82258B92A0011BDD1 /* Resources */ = {
			isa = PBXResourcesBuildPhase;
			buildActionMask = 2147483647;
			files = (
			);
			runOnlyForDeploymentPostprocessing = 0;
		};
		9762BBE32258B92A0011BDD1 /* Resources */ = {
			isa = PBXResourcesBuildPhase;
			buildActionMask = 2147483647;
			files = (
			);
			runOnlyForDeploymentPostprocessing = 0;
		};
/* End PBXResourcesBuildPhase section */

/* Begin PBXSourcesBuildPhase section */
		9762BBC22258B9290011BDD1 /* Sources */ = {
			isa = PBXSourcesBuildPhase;
			buildActionMask = 2147483647;
			files = (
				9762BBCC2258B9290011BDD1 /* ViewController.swift in Sources */,
				9762BBCA2258B9290011BDD1 /* AppDelegate.swift in Sources */,
			);
			runOnlyForDeploymentPostprocessing = 0;
		};
		9762BBD62258B92A0011BDD1 /* Sources */ = {
			isa = PBXSourcesBuildPhase;
			buildActionMask = 2147483647;
			files = (
				9762BBDF2258B92A0011BDD1 /* Swift5PodTests.swift in Sources */,
			);
			runOnlyForDeploymentPostprocessing = 0;
		};
		9762BBE12258B92A0011BDD1 /* Sources */ = {
			isa = PBXSourcesBuildPhase;
			buildActionMask = 2147483647;
			files = (
				9762BBEA2258B92A0011BDD1 /* Swift5PodUITests.swift in Sources */,
			);
			runOnlyForDeploymentPostprocessing = 0;
		};
/* End PBXSourcesBuildPhase section */

/* Begin PBXTargetDependency section */
		9762BBDC2258B92A0011BDD1 /* PBXTargetDependency */ = {
			isa = PBXTargetDependency;
			target = 9762BBC52258B9290011BDD1 /* Swift5Pod */;
			targetProxy = 9762BBDB2258B92A0011BDD1 /* PBXContainerItemProxy */;
		};
		9762BBE72258B92A0011BDD1 /* PBXTargetDependency */ = {
			isa = PBXTargetDependency;
			target = 9762BBC52258B9290011BDD1 /* Swift5Pod */;
			targetProxy = 9762BBE62258B92A0011BDD1 /* PBXContainerItemProxy */;
		};
/* End PBXTargetDependency section */

/* Begin PBXVariantGroup section */
		9762BBCD2258B9290011BDD1 /* Main.storyboard */ = {
			isa = PBXVariantGroup;
			children = (
				9762BBCE2258B9290011BDD1 /* Base */,
			);
			name = Main.storyboard;
			sourceTree = "<group>";
		};
		9762BBD22258B92A0011BDD1 /* LaunchScreen.storyboard */ = {
			isa = PBXVariantGroup;
			children = (
				9762BBD32258B92A0011BDD1 /* Base */,
			);
			name = LaunchScreen.storyboard;
			sourceTree = "<group>";
		};
/* End PBXVariantGroup section */

/* Begin XCBuildConfiguration section */
		9762BBEC2258B92A0011BDD1 /* Debug */ = {
			isa = XCBuildConfiguration;
			buildSettings = {
				ALWAYS_SEARCH_USER_PATHS = NO;
				CLANG_ANALYZER_NONNULL = YES;
				CLANG_ANALYZER_NUMBER_OBJECT_CONVERSION = YES_AGGRESSIVE;
				CLANG_CXX_LANGUAGE_STANDARD = "gnu++14";
				CLANG_CXX_LIBRARY = "libc++";
				CLANG_ENABLE_MODULES = YES;
				CLANG_ENABLE_OBJC_ARC = YES;
				CLANG_ENABLE_OBJC_WEAK = YES;
				CLANG_WARN_BLOCK_CAPTURE_AUTORELEASING = YES;
				CLANG_WARN_BOOL_CONVERSION = YES;
				CLANG_WARN_COMMA = YES;
				CLANG_WARN_CONSTANT_CONVERSION = YES;
				CLANG_WARN_DEPRECATED_OBJC_IMPLEMENTATIONS = YES;
				CLANG_WARN_DIRECT_OBJC_ISA_USAGE = YES_ERROR;
				CLANG_WARN_DOCUMENTATION_COMMENTS = YES;
				CLANG_WARN_EMPTY_BODY = YES;
				CLANG_WARN_ENUM_CONVERSION = YES;
				CLANG_WARN_INFINITE_RECURSION = YES;
				CLANG_WARN_INT_CONVERSION = YES;
				CLANG_WARN_NON_LITERAL_NULL_CONVERSION = YES;
				CLANG_WARN_OBJC_IMPLICIT_RETAIN_SELF = YES;
				CLANG_WARN_OBJC_LITERAL_CONVERSION = YES;
				CLANG_WARN_OBJC_ROOT_CLASS = YES_ERROR;
				CLANG_WARN_RANGE_LOOP_ANALYSIS = YES;
				CLANG_WARN_STRICT_PROTOTYPES = YES;
				CLANG_WARN_SUSPICIOUS_MOVE = YES;
				CLANG_WARN_UNGUARDED_AVAILABILITY = YES_AGGRESSIVE;
				CLANG_WARN_UNREACHABLE_CODE = YES;
				CLANG_WARN__DUPLICATE_METHOD_MATCH = YES;
				CODE_SIGN_IDENTITY = "iPhone Developer";
				COPY_PHASE_STRIP = NO;
				DEBUG_INFORMATION_FORMAT = dwarf;
				ENABLE_STRICT_OBJC_MSGSEND = YES;
				ENABLE_TESTABILITY = YES;
				GCC_C_LANGUAGE_STANDARD = gnu11;
				GCC_DYNAMIC_NO_PIC = NO;
				GCC_NO_COMMON_BLOCKS = YES;
				GCC_OPTIMIZATION_LEVEL = 0;
				GCC_PREPROCESSOR_DEFINITIONS = (
					"DEBUG=1",
					"$(inherited)",
				);
				GCC_WARN_64_TO_32_BIT_CONVERSION = YES;
				GCC_WARN_ABOUT_RETURN_TYPE = YES_ERROR;
				GCC_WARN_UNDECLARED_SELECTOR = YES;
				GCC_WARN_UNINITIALIZED_AUTOS = YES_AGGRESSIVE;
				GCC_WARN_UNUSED_FUNCTION = YES;
				GCC_WARN_UNUSED_VARIABLE = YES;
				IPHONEOS_DEPLOYMENT_TARGET = 12.2;
				MTL_ENABLE_DEBUG_INFO = INCLUDE_SOURCE;
				MTL_FAST_MATH = YES;
				ONLY_ACTIVE_ARCH = YES;
				SDKROOT = iphoneos;
				SWIFT_ACTIVE_COMPILATION_CONDITIONS = DEBUG;
				SWIFT_OPTIMIZATION_LEVEL = "-Onone";
			};
			name = Debug;
		};
		9762BBED2258B92A0011BDD1 /* Release */ = {
			isa = XCBuildConfiguration;
			buildSettings = {
				ALWAYS_SEARCH_USER_PATHS = NO;
				CLANG_ANALYZER_NONNULL = YES;
				CLANG_ANALYZER_NUMBER_OBJECT_CONVERSION = YES_AGGRESSIVE;
				CLANG_CXX_LANGUAGE_STANDARD = "gnu++14";
				CLANG_CXX_LIBRARY = "libc++";
				CLANG_ENABLE_MODULES = YES;
				CLANG_ENABLE_OBJC_ARC = YES;
				CLANG_ENABLE_OBJC_WEAK = YES;
				CLANG_WARN_BLOCK_CAPTURE_AUTORELEASING = YES;
				CLANG_WARN_BOOL_CONVERSION = YES;
				CLANG_WARN_COMMA = YES;
				CLANG_WARN_CONSTANT_CONVERSION = YES;
				CLANG_WARN_DEPRECATED_OBJC_IMPLEMENTATIONS = YES;
				CLANG_WARN_DIRECT_OBJC_ISA_USAGE = YES_ERROR;
				CLANG_WARN_DOCUMENTATION_COMMENTS = YES;
				CLANG_WARN_EMPTY_BODY = YES;
				CLANG_WARN_ENUM_CONVERSION = YES;
				CLANG_WARN_INFINITE_RECURSION = YES;
				CLANG_WARN_INT_CONVERSION = YES;
				CLANG_WARN_NON_LITERAL_NULL_CONVERSION = YES;
				CLANG_WARN_OBJC_IMPLICIT_RETAIN_SELF = YES;
				CLANG_WARN_OBJC_LITERAL_CONVERSION = YES;
				CLANG_WARN_OBJC_ROOT_CLASS = YES_ERROR;
				CLANG_WARN_RANGE_LOOP_ANALYSIS = YES;
				CLANG_WARN_STRICT_PROTOTYPES = YES;
				CLANG_WARN_SUSPICIOUS_MOVE = YES;
				CLANG_WARN_UNGUARDED_AVAILABILITY = YES_AGGRESSIVE;
				CLANG_WARN_UNREACHABLE_CODE = YES;
				CLANG_WARN__DUPLICATE_METHOD_MATCH = YES;
				CODE_SIGN_IDENTITY = "iPhone Developer";
				COPY_PHASE_STRIP = NO;
				DEBUG_INFORMATION_FORMAT = "dwarf-with-dsym";
				ENABLE_NS_ASSERTIONS = NO;
				ENABLE_STRICT_OBJC_MSGSEND = YES;
				GCC_C_LANGUAGE_STANDARD = gnu11;
				GCC_NO_COMMON_BLOCKS = YES;
				GCC_WARN_64_TO_32_BIT_CONVERSION = YES;
				GCC_WARN_ABOUT_RETURN_TYPE = YES_ERROR;
				GCC_WARN_UNDECLARED_SELECTOR = YES;
				GCC_WARN_UNINITIALIZED_AUTOS = YES_AGGRESSIVE;
				GCC_WARN_UNUSED_FUNCTION = YES;
				GCC_WARN_UNUSED_VARIABLE = YES;
				IPHONEOS_DEPLOYMENT_TARGET = 12.2;
				MTL_ENABLE_DEBUG_INFO = NO;
				MTL_FAST_MATH = YES;
				SDKROOT = iphoneos;
				SWIFT_COMPILATION_MODE = wholemodule;
				SWIFT_OPTIMIZATION_LEVEL = "-O";
				VALIDATE_PRODUCT = YES;
			};
			name = Release;
		};
		9762BBEF2258B92A0011BDD1 /* Debug */ = {
			isa = XCBuildConfiguration;
			buildSettings = {
				ASSETCATALOG_COMPILER_APPICON_NAME = AppIcon;
				CODE_SIGN_STYLE = Automatic;
				INFOPLIST_FILE = Swift5Pod/Info.plist;
				LD_RUNPATH_SEARCH_PATHS = (
					"$(inherited)",
					"@executable_path/Frameworks",
				);
				PRODUCT_BUNDLE_IDENTIFIER = "com.yono-ap.Swift5Pod";
				PRODUCT_NAME = "$(TARGET_NAME)";
				SWIFT_VERSION = 5.0;
				TARGETED_DEVICE_FAMILY = "1,2";
			};
			name = Debug;
		};
		9762BBF02258B92A0011BDD1 /* Release */ = {
			isa = XCBuildConfiguration;
			buildSettings = {
				ASSETCATALOG_COMPILER_APPICON_NAME = AppIcon;
				CODE_SIGN_STYLE = Automatic;
				INFOPLIST_FILE = Swift5Pod/Info.plist;
				LD_RUNPATH_SEARCH_PATHS = (
					"$(inherited)",
					"@executable_path/Frameworks",
				);
				PRODUCT_BUNDLE_IDENTIFIER = "com.yono-ap.Swift5Pod";
				PRODUCT_NAME = "$(TARGET_NAME)";
				SWIFT_VERSION = 5.0;
				TARGETED_DEVICE_FAMILY = "1,2";
			};
			name = Release;
		};
		9762BBF22258B92A0011BDD1 /* Debug */ = {
			isa = XCBuildConfiguration;
			buildSettings = {
				ALWAYS_EMBED_SWIFT_STANDARD_LIBRARIES = YES;
				BUNDLE_LOADER = "$(TEST_HOST)";
				CODE_SIGN_STYLE = Automatic;
				INFOPLIST_FILE = Swift5PodTests/Info.plist;
				LD_RUNPATH_SEARCH_PATHS = (
					"$(inherited)",
					"@executable_path/Frameworks",
					"@loader_path/Frameworks",
				);
				PRODUCT_BUNDLE_IDENTIFIER = "com.yono-ap.Swift5PodTests";
				PRODUCT_NAME = "$(TARGET_NAME)";
				SWIFT_VERSION = 5.0;
				TARGETED_DEVICE_FAMILY = "1,2";
				TEST_HOST = "$(BUILT_PRODUCTS_DIR)/Swift5Pod.app/Swift5Pod";
			};
			name = Debug;
		};
		9762BBF32258B92A0011BDD1 /* Release */ = {
			isa = XCBuildConfiguration;
			buildSettings = {
				ALWAYS_EMBED_SWIFT_STANDARD_LIBRARIES = YES;
				BUNDLE_LOADER = "$(TEST_HOST)";
				CODE_SIGN_STYLE = Automatic;
				INFOPLIST_FILE = Swift5PodTests/Info.plist;
				LD_RUNPATH_SEARCH_PATHS = (
					"$(inherited)",
					"@executable_path/Frameworks",
					"@loader_path/Frameworks",
				);
				PRODUCT_BUNDLE_IDENTIFIER = "com.yono-ap.Swift5PodTests";
				PRODUCT_NAME = "$(TARGET_NAME)";
				SWIFT_VERSION = 5.0;
				TARGETED_DEVICE_FAMILY = "1,2";
				TEST_HOST = "$(BUILT_PRODUCTS_DIR)/Swift5Pod.app/Swift5Pod";
			};
			name = Release;
		};
		9762BBF52258B92A0011BDD1 /* Debug */ = {
			isa = XCBuildConfiguration;
			buildSettings = {
				ALWAYS_EMBED_SWIFT_STANDARD_LIBRARIES = YES;
				CODE_SIGN_STYLE = Automatic;
				INFOPLIST_FILE = Swift5PodUITests/Info.plist;
				LD_RUNPATH_SEARCH_PATHS = (
					"$(inherited)",
					"@executable_path/Frameworks",
					"@loader_path/Frameworks",
				);
				PRODUCT_BUNDLE_IDENTIFIER = "com.yono-ap.Swift5PodUITests";
				PRODUCT_NAME = "$(TARGET_NAME)";
				SWIFT_VERSION = 5.0;
				TARGETED_DEVICE_FAMILY = "1,2";
				TEST_TARGET_NAME = Swift5Pod;
			};
			name = Debug;
		};
		9762BBF62258B92A0011BDD1 /* Release */ = {
			isa = XCBuildConfiguration;
			buildSettings = {
				ALWAYS_EMBED_SWIFT_STANDARD_LIBRARIES = YES;
				CODE_SIGN_STYLE = Automatic;
				INFOPLIST_FILE = Swift5PodUITests/Info.plist;
				LD_RUNPATH_SEARCH_PATHS = (
					"$(inherited)",
					"@executable_path/Frameworks",
					"@loader_path/Frameworks",
				);
				PRODUCT_BUNDLE_IDENTIFIER = "com.yono-ap.Swift5PodUITests";
				PRODUCT_NAME = "$(TARGET_NAME)";
				SWIFT_VERSION = 5.0;
				TARGETED_DEVICE_FAMILY = "1,2";
				TEST_TARGET_NAME = Swift5Pod;
			};
			name = Release;
		};
/* End XCBuildConfiguration section */

/* Begin XCConfigurationList section */
		9762BBC12258B9290011BDD1 /* Build configuration list for PBXProject "Swift5Pod" */ = {
			isa = XCConfigurationList;
			buildConfigurations = (
				9762BBEC2258B92A0011BDD1 /* Debug */,
				9762BBED2258B92A0011BDD1 /* Release */,
			);
			defaultConfigurationIsVisible = 0;
			defaultConfigurationName = Release;
		};
		9762BBEE2258B92A0011BDD1 /* Build configuration list for PBXNativeTarget "Swift5Pod" */ = {
			isa = XCConfigurationList;
			buildConfigurations = (
				9762BBEF2258B92A0011BDD1 /* Debug */,
				9762BBF02258B92A0011BDD1 /* Release */,
			);
			defaultConfigurationIsVisible = 0;
			defaultConfigurationName = Release;
		};
		9762BBF12258B92A0011BDD1 /* Build configuration list for PBXNativeTarget "Swift5PodTests" */ = {
			isa = XCConfigurationList;
			buildConfigurations = (
				9762BBF22258B92A0011BDD1 /* Debug */,
				9762BBF32258B92A0011BDD1 /* Release */,
			);
			defaultConfigurationIsVisible = 0;
			defaultConfigurationName = Release;
		};
		9762BBF42258B92A0011BDD1 /* Build configuration list for PBXNativeTarget "Swift5PodUITests" */ = {
			isa = XCConfigurationList;
			buildConfigurations = (
				9762BBF52258B92A0011BDD1 /* Debug */,
				9762BBF62258B92A0011BDD1 /* Release */,
			);
			defaultConfigurationIsVisible = 0;
			defaultConfigurationName = Release;
		};
/* End XCConfigurationList section */
	};
	rootObject = 9762BBBE2258B9290011BDD1 /* Project object */;
}
